// !$*UTF8*$!
{
	archiveVersion = 1;
	classes = {
	};
	objectVersion = 46;
	objects = {

/* Begin PBXBuildFile section */
		958445391AEA37C300F77186 /* OwlistItem.swift in Sources */ = {isa = PBXBuildFile; fileRef = 958445381AEA37C200F77186 /* OwlistItem.swift */; };
		95ED971F1AE8E77000C0D321 /* AppDelegate.swift in Sources */ = {isa = PBXBuildFile; fileRef = 95ED971E1AE8E77000C0D321 /* AppDelegate.swift */; };
		95ED97211AE8E77000C0D321 /* OwlistViewController.swift in Sources */ = {isa = PBXBuildFile; fileRef = 95ED97201AE8E77000C0D321 /* OwlistViewController.swift */; };
		95ED97241AE8E77000C0D321 /* Main.storyboard in Resources */ = {isa = PBXBuildFile; fileRef = 95ED97221AE8E77000C0D321 /* Main.storyboard */; };
		95ED97261AE8E77000C0D321 /* Images.xcassets in Resources */ = {isa = PBXBuildFile; fileRef = 95ED97251AE8E77000C0D321 /* Images.xcassets */; };
		95ED97291AE8E77000C0D321 /* LaunchScreen.xib in Resources */ = {isa = PBXBuildFile; fileRef = 95ED97271AE8E77000C0D321 /* LaunchScreen.xib */; };
		95ED97351AE8E77000C0D321 /* OwlistTests.swift in Sources */ = {isa = PBXBuildFile; fileRef = 95ED97341AE8E77000C0D321 /* OwlistTests.swift */; };
/* End PBXBuildFile section */

/* Begin PBXContainerItemProxy section */
		95ED972F1AE8E77000C0D321 /* PBXContainerItemProxy */ = {
			isa = PBXContainerItemProxy;
			containerPortal = 95ED97111AE8E76F00C0D321 /* Project object */;
			proxyType = 1;
			remoteGlobalIDString = 95ED97181AE8E77000C0D321;
			remoteInfo = Owlist;
		};
/* End PBXContainerItemProxy section */

/* Begin PBXFileReference section */
		958445381AEA37C200F77186 /* OwlistItem.swift */ = {isa = PBXFileReference; fileEncoding = 4; lastKnownFileType = sourcecode.swift; path = OwlistItem.swift; sourceTree = "<group>"; };
		95ED97191AE8E77000C0D321 /* Owlist.app */ = {isa = PBXFileReference; explicitFileType = wrapper.application; includeInIndex = 0; path = Owlist.app; sourceTree = BUILT_PRODUCTS_DIR; };
		95ED971D1AE8E77000C0D321 /* Info.plist */ = {isa = PBXFileReference; lastKnownFileType = text.plist.xml; path = Info.plist; sourceTree = "<group>"; };
		95ED971E1AE8E77000C0D321 /* AppDelegate.swift */ = {isa = PBXFileReference; lastKnownFileType = sourcecode.swift; path = AppDelegate.swift; sourceTree = "<group>"; };
		95ED97201AE8E77000C0D321 /* OwlistViewController.swift */ = {isa = PBXFileReference; lastKnownFileType = sourcecode.swift; path = OwlistViewController.swift; sourceTree = "<group>"; };
		95ED97231AE8E77000C0D321 /* Base */ = {isa = PBXFileReference; lastKnownFileType = file.storyboard; name = Base; path = Base.lproj/Main.storyboard; sourceTree = "<group>"; };
		95ED97251AE8E77000C0D321 /* Images.xcassets */ = {isa = PBXFileReference; lastKnownFileType = folder.assetcatalog; path = Images.xcassets; sourceTree = "<group>"; };
		95ED97281AE8E77000C0D321 /* Base */ = {isa = PBXFileReference; lastKnownFileType = file.xib; name = Base; path = Base.lproj/LaunchScreen.xib; sourceTree = "<group>"; };
		95ED972E1AE8E77000C0D321 /* OwlistTests.xctest */ = {isa = PBXFileReference; explicitFileType = wrapper.cfbundle; includeInIndex = 0; path = OwlistTests.xctest; sourceTree = BUILT_PRODUCTS_DIR; };
		95ED97331AE8E77000C0D321 /* Info.plist */ = {isa = PBXFileReference; lastKnownFileType = text.plist.xml; path = Info.plist; sourceTree = "<group>"; };
		95ED97341AE8E77000C0D321 /* OwlistTests.swift */ = {isa = PBXFileReference; lastKnownFileType = sourcecode.swift; path = OwlistTests.swift; sourceTree = "<group>"; };
/* End PBXFileReference section */

/* Begin PBXFrameworksBuildPhase section */
		95ED97161AE8E77000C0D321 /* Frameworks */ = {
			isa = PBXFrameworksBuildPhase;
			buildActionMask = 2147483647;
			files = (
			);
			runOnlyForDeploymentPostprocessing = 0;
		};
		95ED972B1AE8E77000C0D321 /* Frameworks */ = {
			isa = PBXFrameworksBuildPhase;
			buildActionMask = 2147483647;
			files = (
			);
			runOnlyForDeploymentPostprocessing = 0;
		};
/* End PBXFrameworksBuildPhase section */

/* Begin PBXGroup section */
		95ED97101AE8E76F00C0D321 = {
			isa = PBXGroup;
			children = (
				95ED971B1AE8E77000C0D321 /* Owlist */,
				95ED97311AE8E77000C0D321 /* OwlistTests */,
				95ED971A1AE8E77000C0D321 /* Products */,
			);
			sourceTree = "<group>";
		};
		95ED971A1AE8E77000C0D321 /* Products */ = {
			isa = PBXGroup;
			children = (
				95ED97191AE8E77000C0D321 /* Owlist.app */,
				95ED972E1AE8E77000C0D321 /* OwlistTests.xctest */,
			);
			name = Products;
			sourceTree = "<group>";
		};
		95ED971B1AE8E77000C0D321 /* Owlist */ = {
			isa = PBXGroup;
			children = (
				95ED971E1AE8E77000C0D321 /* AppDelegate.swift */,
				95ED97201AE8E77000C0D321 /* OwlistViewController.swift */,
				958445381AEA37C200F77186 /* OwlistItem.swift */,
				95ED97221AE8E77000C0D321 /* Main.storyboard */,
				95ED97251AE8E77000C0D321 /* Images.xcassets */,
				95ED97271AE8E77000C0D321 /* LaunchScreen.xib */,
				95ED971C1AE8E77000C0D321 /* Supporting Files */,
			);
			path = Owlist;
			sourceTree = "<group>";
		};
		95ED971C1AE8E77000C0D321 /* Supporting Files */ = {
			isa = PBXGroup;
			children = (
				95ED971D1AE8E77000C0D321 /* Info.plist */,
			);
			name = "Supporting Files";
			sourceTree = "<group>";
		};
		95ED97311AE8E77000C0D321 /* OwlistTests */ = {
			isa = PBXGroup;
			children = (
				95ED97341AE8E77000C0D321 /* OwlistTests.swift */,
				95ED97321AE8E77000C0D321 /* Supporting Files */,
			);
			path = OwlistTests;
			sourceTree = "<group>";
		};
		95ED97321AE8E77000C0D321 /* Supporting Files */ = {
			isa = PBXGroup;
			children = (
				95ED97331AE8E77000C0D321 /* Info.plist */,
			);
			name = "Supporting Files";
			sourceTree = "<group>";
		};
/* End PBXGroup section */

/* Begin PBXNativeTarget section */
		95ED97181AE8E77000C0D321 /* Owlist */ = {
			isa = PBXNativeTarget;
			buildConfigurationList = 95ED97381AE8E77000C0D321 /* Build configuration list for PBXNativeTarget "Owlist" */;
			buildPhases = (
				95ED97151AE8E77000C0D321 /* Sources */,
				95ED97161AE8E77000C0D321 /* Frameworks */,
				95ED97171AE8E77000C0D321 /* Resources */,
			);
			buildRules = (
			);
			dependencies = (
			);
			name = Owlist;
			productName = Owlist;
			productReference = 95ED97191AE8E77000C0D321 /* Owlist.app */;
			productType = "com.apple.product-type.application";
		};
		95ED972D1AE8E77000C0D321 /* OwlistTests */ = {
			isa = PBXNativeTarget;
			buildConfigurationList = 95ED973B1AE8E77000C0D321 /* Build configuration list for PBXNativeTarget "OwlistTests" */;
			buildPhases = (
				95ED972A1AE8E77000C0D321 /* Sources */,
				95ED972B1AE8E77000C0D321 /* Frameworks */,
				95ED972C1AE8E77000C0D321 /* Resources */,
			);
			buildRules = (
			);
			dependencies = (
				95ED97301AE8E77000C0D321 /* PBXTargetDependency */,
			);
			name = OwlistTests;
			productName = OwlistTests;
			productReference = 95ED972E1AE8E77000C0D321 /* OwlistTests.xctest */;
			productType = "com.apple.product-type.bundle.unit-test";
		};
/* End PBXNativeTarget section */

/* Begin PBXProject section */
		95ED97111AE8E76F00C0D321 /* Project object */ = {
			isa = PBXProject;
			attributes = {
				LastUpgradeCheck = 0630;
				ORGANIZATIONNAME = "Pedro Ruíz";
				TargetAttributes = {
					95ED97181AE8E77000C0D321 = {
						CreatedOnToolsVersion = 6.3.1;
					};
					95ED972D1AE8E77000C0D321 = {
						CreatedOnToolsVersion = 6.3.1;
						TestTargetID = 95ED97181AE8E77000C0D321;
					};
				};
			};
			buildConfigurationList = 95ED97141AE8E76F00C0D321 /* Build configuration list for PBXProject "Owlist" */;
			compatibilityVersion = "Xcode 3.2";
			developmentRegion = English;
			hasScannedForEncodings = 0;
			knownRegions = (
				en,
				Base,
			);
			mainGroup = 95ED97101AE8E76F00C0D321;
			productRefGroup = 95ED971A1AE8E77000C0D321 /* Products */;
			projectDirPath = "";
			projectRoot = "";
			targets = (
				95ED97181AE8E77000C0D321 /* Owlist */,
				95ED972D1AE8E77000C0D321 /* OwlistTests */,
			);
		};
/* End PBXProject section */

/* Begin PBXResourcesBuildPhase section */
		95ED97171AE8E77000C0D321 /* Resources */ = {
			isa = PBXResourcesBuildPhase;
			buildActionMask = 2147483647;
			files = (
				95ED97241AE8E77000C0D321 /* Main.storyboard in Resources */,
				95ED97291AE8E77000C0D321 /* LaunchScreen.xib in Resources */,
				95ED97261AE8E77000C0D321 /* Images.xcassets in Resources */,
			);
			runOnlyForDeploymentPostprocessing = 0;
		};
		95ED972C1AE8E77000C0D321 /* Resources */ = {
			isa = PBXResourcesBuildPhase;
			buildActionMask = 2147483647;
			files = (
			);
			runOnlyForDeploymentPostprocessing = 0;
		};
/* End PBXResourcesBuildPhase section */

/* Begin PBXSourcesBuildPhase section */
		95ED97151AE8E77000C0D321 /* Sources */ = {
			isa = PBXSourcesBuildPhase;
			buildActionMask = 2147483647;
			files = (
				958445391AEA37C300F77186 /* OwlistItem.swift in Sources */,
				95ED97211AE8E77000C0D321 /* OwlistViewController.swift in Sources */,
				95ED971F1AE8E77000C0D321 /* AppDelegate.swift in Sources */,
			);
			runOnlyForDeploymentPostprocessing = 0;
		};
		95ED972A1AE8E77000C0D321 /* Sources */ = {
			isa = PBXSourcesBuildPhase;
			buildActionMask = 2147483647;
			files = (
				95ED97351AE8E77000C0D321 /* OwlistTests.swift in Sources */,
			);
			runOnlyForDeploymentPostprocessing = 0;
		};
/* End PBXSourcesBuildPhase section */

/* Begin PBXTargetDependency section */
		95ED97301AE8E77000C0D321 /* PBXTargetDependency */ = {
			isa = PBXTargetDependency;
			target = 95ED97181AE8E77000C0D321 /* Owlist */;
			targetProxy = 95ED972F1AE8E77000C0D321 /* PBXContainerItemProxy */;
		};
/* End PBXTargetDependency section */

/* Begin PBXVariantGroup section */
		95ED97221AE8E77000C0D321 /* Main.storyboard */ = {
			isa = PBXVariantGroup;
			children = (
				95ED97231AE8E77000C0D321 /* Base */,
			);
			name = Main.storyboard;
			sourceTree = "<group>";
		};
		95ED97271AE8E77000C0D321 /* LaunchScreen.xib */ = {
			isa = PBXVariantGroup;
			children = (
				95ED97281AE8E77000C0D321 /* Base */,
			);
			name = LaunchScreen.xib;
			sourceTree = "<group>";
		};
/* End PBXVariantGroup section */

/* Begin XCBuildConfiguration section */
		95ED97361AE8E77000C0D321 /* Debug */ = {
			isa = XCBuildConfiguration;
			buildSettings = {
				ALWAYS_SEARCH_USER_PATHS = NO;
				CLANG_CXX_LANGUAGE_STANDARD = "gnu++0x";
				CLANG_CXX_LIBRARY = "libc++";
				CLANG_ENABLE_MODULES = YES;
				CLANG_ENABLE_OBJC_ARC = YES;
				CLANG_WARN_BOOL_CONVERSION = YES;
				CLANG_WARN_CONSTANT_CONVERSION = YES;
				CLANG_WARN_DIRECT_OBJC_ISA_USAGE = YES_ERROR;
				CLANG_WARN_EMPTY_BODY = YES;
				CLANG_WARN_ENUM_CONVERSION = YES;
				CLANG_WARN_INT_CONVERSION = YES;
				CLANG_WARN_OBJC_ROOT_CLASS = YES_ERROR;
				CLANG_WARN_UNREACHABLE_CODE = YES;
				CLANG_WARN__DUPLICATE_METHOD_MATCH = YES;
				"CODE_SIGN_IDENTITY[sdk=iphoneos*]" = "iPhone Developer";
				COPY_PHASE_STRIP = NO;
				DEBUG_INFORMATION_FORMAT = "dwarf-with-dsym";
				ENABLE_STRICT_OBJC_MSGSEND = YES;
				GCC_C_LANGUAGE_STANDARD = gnu99;
				GCC_DYNAMIC_NO_PIC = NO;
				GCC_NO_COMMON_BLOCKS = YES;
				GCC_OPTIMIZATION_LEVEL = 0;
				GCC_PREPROCESSOR_DEFINITIONS = (
					"DEBUG=1",
					"$(inherited)",
				);
				GCC_SYMBOLS_PRIVATE_EXTERN = NO;
				GCC_WARN_64_TO_32_BIT_CONVERSION = YES;
				GCC_WARN_ABOUT_RETURN_TYPE = YES_ERROR;
				GCC_WARN_UNDECLARED_SELECTOR = YES;
				GCC_WARN_UNINITIALIZED_AUTOS = YES_AGGRESSIVE;
				GCC_WARN_UNUSED_FUNCTION = YES;
				GCC_WARN_UNUSED_VARIABLE = YES;
				IPHONEOS_DEPLOYMENT_TARGET = 8.3;
				MTL_ENABLE_DEBUG_INFO = YES;
				ONLY_ACTIVE_ARCH = YES;
				SDKROOT = iphoneos;
				SWIFT_OPTIMIZATION_LEVEL = "-Onone";
			};
			name = Debug;
		};
		95ED97371AE8E77000C0D321 /* Release */ = {
			isa = XCBuildConfiguration;
			buildSettings = {
				ALWAYS_SEARCH_USER_PATHS = NO;
				CLANG_CXX_LANGUAGE_STANDARD = "gnu++0x";
				CLANG_CXX_LIBRARY = "libc++";
				CLANG_ENABLE_MODULES = YES;
				CLANG_ENABLE_OBJC_ARC = YES;
				CLANG_WARN_BOOL_CONVERSION = YES;
				CLANG_WARN_CONSTANT_CONVERSION = YES;
				CLANG_WARN_DIRECT_OBJC_ISA_USAGE = YES_ERROR;
				CLANG_WARN_EMPTY_BODY = YES;
				CLANG_WARN_ENUM_CONVERSION = YES;
				CLANG_WARN_INT_CONVERSION = YES;
				CLANG_WARN_OBJC_ROOT_CLASS = YES_ERROR;
				CLANG_WARN_UNREACHABLE_CODE = YES;
				CLANG_WARN__DUPLICATE_METHOD_MATCH = YES;
				"CODE_SIGN_IDENTITY[sdk=iphoneos*]" = "iPhone Developer";
				COPY_PHASE_STRIP = NO;
				DEBUG_INFORMATION_FORMAT = "dwarf-with-dsym";
				ENABLE_NS_ASSERTIONS = NO;
				ENABLE_STRICT_OBJC_MSGSEND = YES;
				GCC_C_LANGUAGE_STANDARD = gnu99;
				GCC_NO_COMMON_BLOCKS = YES;
				GCC_WARN_64_TO_32_BIT_CONVERSION = YES;
				GCC_WARN_ABOUT_RETURN_TYPE = YES_ERROR;
				GCC_WARN_UNDECLARED_SELECTOR = YES;
				GCC_WARN_UNINITIALIZED_AUTOS = YES_AGGRESSIVE;
				GCC_WARN_UNUSED_FUNCTION = YES;
				GCC_WARN_UNUSED_VARIABLE = YES;
				IPHONEOS_DEPLOYMENT_TARGET = 8.3;
				MTL_ENABLE_DEBUG_INFO = NO;
				SDKROOT = iphoneos;
				VALIDATE_PRODUCT = YES;
			};
			name = Release;
		};
		95ED97391AE8E77000C0D321 /* Debug */ = {
			isa = XCBuildConfiguration;
			buildSettings = {
				ASSETCATALOG_COMPILER_APPICON_NAME = AppIcon;
				INFOPLIST_FILE = Owlist/Info.plist;
				LD_RUNPATH_SEARCH_PATHS = "$(inherited) @executable_path/Frameworks";
				PRODUCT_NAME = "$(TARGET_NAME)";
			};
			name = Debug;
		};
		95ED973A1AE8E77000C0D321 /* Release */ = {
			isa = XCBuildConfiguration;
			buildSettings = {
				ASSETCATALOG_COMPILER_APPICON_NAME = AppIcon;
				INFOPLIST_FILE = Owlist/Info.plist;
				LD_RUNPATH_SEARCH_PATHS = "$(inherited) @executable_path/Frameworks";
				PRODUCT_NAME = "$(TARGET_NAME)";
			};
			name = Release;
		};
		95ED973C1AE8E77000C0D321 /* Debug */ = {
			isa = XCBuildConfiguration;
			buildSettings = {
				BUNDLE_LOADER = "$(TEST_HOST)";
				FRAMEWORK_SEARCH_PATHS = (
					"$(SDKROOT)/Developer/Library/Frameworks",
					"$(inherited)",
				);
				GCC_PREPROCESSOR_DEFINITIONS = (
					"DEBUG=1",
					"$(inherited)",
				);
				INFOPLIST_FILE = OwlistTests/Info.plist;
				LD_RUNPATH_SEARCH_PATHS = "$(inherited) @executable_path/Frameworks @loader_path/Frameworks";
				PRODUCT_NAME = "$(TARGET_NAME)";
				TEST_HOST = "$(BUILT_PRODUCTS_DIR)/Owlist.app/Owlist";
			};
			name = Debug;
		};
		95ED973D1AE8E77000C0D321 /* Release */ = {
			isa = XCBuildConfiguration;
			buildSettings = {
				BUNDLE_LOADER = "$(TEST_HOST)";
				FRAMEWORK_SEARCH_PATHS = (
					"$(SDKROOT)/Developer/Library/Frameworks",
					"$(inherited)",
				);
				INFOPLIST_FILE = OwlistTests/Info.plist;
				LD_RUNPATH_SEARCH_PATHS = "$(inherited) @executable_path/Frameworks @loader_path/Frameworks";
				PRODUCT_NAME = "$(TARGET_NAME)";
				TEST_HOST = "$(BUILT_PRODUCTS_DIR)/Owlist.app/Owlist";
			};
			name = Release;
		};
/* End XCBuildConfiguration section */

/* Begin XCConfigurationList section */
		95ED97141AE8E76F00C0D321 /* Build configuration list for PBXProject "Owlist" */ = {
			isa = XCConfigurationList;
			buildConfigurations = (
				95ED97361AE8E77000C0D321 /* Debug */,
				95ED97371AE8E77000C0D321 /* Release */,
			);
			defaultConfigurationIsVisible = 0;
			defaultConfigurationName = Release;
		};
		95ED97381AE8E77000C0D321 /* Build configuration list for PBXNativeTarget "Owlist" */ = {
			isa = XCConfigurationList;
			buildConfigurations = (
				95ED97391AE8E77000C0D321 /* Debug */,
				95ED973A1AE8E77000C0D321 /* Release */,
			);
			defaultConfigurationIsVisible = 0;
			defaultConfigurationName = Release;
		};
		95ED973B1AE8E77000C0D321 /* Build configuration list for PBXNativeTarget "OwlistTests" */ = {
			isa = XCConfigurationList;
			buildConfigurations = (
				95ED973C1AE8E77000C0D321 /* Debug */,
				95ED973D1AE8E77000C0D321 /* Release */,
			);
			defaultConfigurationIsVisible = 0;
			defaultConfigurationName = Release;
		};
/* End XCConfigurationList section */
	};
	rootObject = 95ED97111AE8E76F00C0D321 /* Project object */;
}
